// !$*UTF8*$!
{
	archiveVersion = 1;
	classes = {
	};
	objectVersion = 50;
	objects = {

/* Begin PBXBuildFile section */
		2D6F617F20EE8C361948734F /* Pods_TicTacToeTests.framework in Frameworks */ = {isa = PBXBuildFile; fileRef = 58EA2ACA20C852DFDF7F7008 /* Pods_TicTacToeTests.framework */; };
		69323E742094FCBE00D7A36A /* AlertUtils.swift in Sources */ = {isa = PBXBuildFile; fileRef = 69323E732094FCBE00D7A36A /* AlertUtils.swift */; };
		69323E792094FF7000D7A36A /* GameViewController.swift in Sources */ = {isa = PBXBuildFile; fileRef = 69323E782094FF7000D7A36A /* GameViewController.swift */; };
		696BD9F4209F62680002E9C3 /* HomeViewController.swift in Sources */ = {isa = PBXBuildFile; fileRef = 696BD9F3209F62670002E9C3 /* HomeViewController.swift */; };
		696BD9F8209F69D10002E9C3 /* LoginViewController.swift in Sources */ = {isa = PBXBuildFile; fileRef = 696BD9F7209F69D10002E9C3 /* LoginViewController.swift */; };
		696BD9FC209F6ABC0002E9C3 /* CadastroViewController.swift in Sources */ = {isa = PBXBuildFile; fileRef = 696BD9FB209F6ABC0002E9C3 /* CadastroViewController.swift */; };
		69BC61D22094B54A00C99E06 /* GoogleService-Info.plist in Resources */ = {isa = PBXBuildFile; fileRef = 69BC61D12094B54A00C99E06 /* GoogleService-Info.plist */; };
		69C21B2720A6641E00753DF6 /* Game.swift in Sources */ = {isa = PBXBuildFile; fileRef = 69C21B2620A6641E00753DF6 /* Game.swift */; };
		69EC01B520949C9C00598878 /* AppDelegate.swift in Sources */ = {isa = PBXBuildFile; fileRef = 69EC01B420949C9C00598878 /* AppDelegate.swift */; };
		69EC01B720949C9C00598878 /* ViewController.swift in Sources */ = {isa = PBXBuildFile; fileRef = 69EC01B620949C9C00598878 /* ViewController.swift */; };
		69EC01BA20949C9C00598878 /* Main.storyboard in Resources */ = {isa = PBXBuildFile; fileRef = 69EC01B820949C9C00598878 /* Main.storyboard */; };
		69EC01BC20949C9E00598878 /* Assets.xcassets in Resources */ = {isa = PBXBuildFile; fileRef = 69EC01BB20949C9E00598878 /* Assets.xcassets */; };
		69EC01BF20949C9E00598878 /* LaunchScreen.storyboard in Resources */ = {isa = PBXBuildFile; fileRef = 69EC01BD20949C9E00598878 /* LaunchScreen.storyboard */; };
		69EC01CA20949C9E00598878 /* TicTacToeTests.swift in Sources */ = {isa = PBXBuildFile; fileRef = 69EC01C920949C9E00598878 /* TicTacToeTests.swift */; };
		69EC01D520949C9E00598878 /* TicTacToeUITests.swift in Sources */ = {isa = PBXBuildFile; fileRef = 69EC01D420949C9E00598878 /* TicTacToeUITests.swift */; };
		720BF0052094E49B00E3BB83 /* Jogador.swift in Sources */ = {isa = PBXBuildFile; fileRef = 720BF0042094E49B00E3BB83 /* Jogador.swift */; };
		720BF0072094E5EF00E3BB83 /* Partida.swift in Sources */ = {isa = PBXBuildFile; fileRef = 720BF0062094E5EF00E3BB83 /* Partida.swift */; };
		720BF0092094E91400E3BB83 /* Sala.swift in Sources */ = {isa = PBXBuildFile; fileRef = 720BF0082094E91400E3BB83 /* Sala.swift */; };
		720BF00B2094EB2C00E3BB83 /* Jogada.swift in Sources */ = {isa = PBXBuildFile; fileRef = 720BF00A2094EB2C00E3BB83 /* Jogada.swift */; };
		720BF00F20A3E22F00E3BB83 /* JogadoresOnlineTableViewController.swift in Sources */ = {isa = PBXBuildFile; fileRef = 720BF00E20A3E22F00E3BB83 /* JogadoresOnlineTableViewController.swift */; };
		720BF01120A3E31800E3BB83 /* HistoricoPartidasTableViewController.swift in Sources */ = {isa = PBXBuildFile; fileRef = 720BF01020A3E31800E3BB83 /* HistoricoPartidasTableViewController.swift */; };
		720BF01320A3EC7E00E3BB83 /* EncodeDecodeUtils.swift in Sources */ = {isa = PBXBuildFile; fileRef = 720BF01220A3EC7E00E3BB83 /* EncodeDecodeUtils.swift */; };
		89DD4E55FB8B427EF26EC0D7 /* Pods_TicTacToeUITests.framework in Frameworks */ = {isa = PBXBuildFile; fileRef = 540B35240704F0C057EA4569 /* Pods_TicTacToeUITests.framework */; };
		F374F18130CB0E99655072AA /* Pods_TicTacToe.framework in Frameworks */ = {isa = PBXBuildFile; fileRef = 02B698F2BD567A943FC2F786 /* Pods_TicTacToe.framework */; };
/* End PBXBuildFile section */

/* Begin PBXContainerItemProxy section */
		69EC01C620949C9E00598878 /* PBXContainerItemProxy */ = {
			isa = PBXContainerItemProxy;
			containerPortal = 69EC01A920949C9C00598878 /* Project object */;
			proxyType = 1;
			remoteGlobalIDString = 69EC01B020949C9C00598878;
			remoteInfo = TicTacToe;
		};
		69EC01D120949C9E00598878 /* PBXContainerItemProxy */ = {
			isa = PBXContainerItemProxy;
			containerPortal = 69EC01A920949C9C00598878 /* Project object */;
			proxyType = 1;
			remoteGlobalIDString = 69EC01B020949C9C00598878;
			remoteInfo = TicTacToe;
		};
/* End PBXContainerItemProxy section */

/* Begin PBXFileReference section */
		02B698F2BD567A943FC2F786 /* Pods_TicTacToe.framework */ = {isa = PBXFileReference; explicitFileType = wrapper.framework; includeInIndex = 0; path = Pods_TicTacToe.framework; sourceTree = BUILT_PRODUCTS_DIR; };
		03CB9F7C1060AECB6C20D692 /* Pods-TicTacToeUITests.release.xcconfig */ = {isa = PBXFileReference; includeInIndex = 1; lastKnownFileType = text.xcconfig; name = "Pods-TicTacToeUITests.release.xcconfig"; path = "Pods/Target Support Files/Pods-TicTacToeUITests/Pods-TicTacToeUITests.release.xcconfig"; sourceTree = "<group>"; };
		15CB1C68642742679BD0D22A /* Pods-TicTacToe.debug.xcconfig */ = {isa = PBXFileReference; includeInIndex = 1; lastKnownFileType = text.xcconfig; name = "Pods-TicTacToe.debug.xcconfig"; path = "Pods/Target Support Files/Pods-TicTacToe/Pods-TicTacToe.debug.xcconfig"; sourceTree = "<group>"; };
		35C33C19F8297AB275EB32B6 /* Pods-TicTacToe.release.xcconfig */ = {isa = PBXFileReference; includeInIndex = 1; lastKnownFileType = text.xcconfig; name = "Pods-TicTacToe.release.xcconfig"; path = "Pods/Target Support Files/Pods-TicTacToe/Pods-TicTacToe.release.xcconfig"; sourceTree = "<group>"; };
		4C08BA12C31CF10C3EDF3F2F /* Pods-TicTacToeTests.release.xcconfig */ = {isa = PBXFileReference; includeInIndex = 1; lastKnownFileType = text.xcconfig; name = "Pods-TicTacToeTests.release.xcconfig"; path = "Pods/Target Support Files/Pods-TicTacToeTests/Pods-TicTacToeTests.release.xcconfig"; sourceTree = "<group>"; };
		540B35240704F0C057EA4569 /* Pods_TicTacToeUITests.framework */ = {isa = PBXFileReference; explicitFileType = wrapper.framework; includeInIndex = 0; path = Pods_TicTacToeUITests.framework; sourceTree = BUILT_PRODUCTS_DIR; };
		58EA2ACA20C852DFDF7F7008 /* Pods_TicTacToeTests.framework */ = {isa = PBXFileReference; explicitFileType = wrapper.framework; includeInIndex = 0; path = Pods_TicTacToeTests.framework; sourceTree = BUILT_PRODUCTS_DIR; };
		69323E732094FCBE00D7A36A /* AlertUtils.swift */ = {isa = PBXFileReference; lastKnownFileType = sourcecode.swift; path = AlertUtils.swift; sourceTree = "<group>"; };
		69323E782094FF7000D7A36A /* GameViewController.swift */ = {isa = PBXFileReference; fileEncoding = 4; lastKnownFileType = sourcecode.swift; path = GameViewController.swift; sourceTree = "<group>"; };
		696BD9F3209F62670002E9C3 /* HomeViewController.swift */ = {isa = PBXFileReference; fileEncoding = 4; lastKnownFileType = sourcecode.swift; path = HomeViewController.swift; sourceTree = "<group>"; };
		696BD9F7209F69D10002E9C3 /* LoginViewController.swift */ = {isa = PBXFileReference; fileEncoding = 4; lastKnownFileType = sourcecode.swift; path = LoginViewController.swift; sourceTree = "<group>"; };
		696BD9FB209F6ABC0002E9C3 /* CadastroViewController.swift */ = {isa = PBXFileReference; fileEncoding = 4; lastKnownFileType = sourcecode.swift; path = CadastroViewController.swift; sourceTree = "<group>"; };
		69BC61D12094B54A00C99E06 /* GoogleService-Info.plist */ = {isa = PBXFileReference; fileEncoding = 4; lastKnownFileType = text.plist.xml; path = "GoogleService-Info.plist"; sourceTree = "<group>"; };
		69C21B2620A6641E00753DF6 /* Game.swift */ = {isa = PBXFileReference; lastKnownFileType = sourcecode.swift; path = Game.swift; sourceTree = "<group>"; };
		69EC01B120949C9C00598878 /* TicTacToe.app */ = {isa = PBXFileReference; explicitFileType = wrapper.application; includeInIndex = 0; path = TicTacToe.app; sourceTree = BUILT_PRODUCTS_DIR; };
		69EC01B420949C9C00598878 /* AppDelegate.swift */ = {isa = PBXFileReference; lastKnownFileType = sourcecode.swift; path = AppDelegate.swift; sourceTree = "<group>"; };
		69EC01B620949C9C00598878 /* ViewController.swift */ = {isa = PBXFileReference; lastKnownFileType = sourcecode.swift; path = ViewController.swift; sourceTree = "<group>"; };
		69EC01B920949C9C00598878 /* Base */ = {isa = PBXFileReference; lastKnownFileType = file.storyboard; name = Base; path = Base.lproj/Main.storyboard; sourceTree = "<group>"; };
		69EC01BB20949C9E00598878 /* Assets.xcassets */ = {isa = PBXFileReference; lastKnownFileType = folder.assetcatalog; path = Assets.xcassets; sourceTree = "<group>"; };
		69EC01BE20949C9E00598878 /* Base */ = {isa = PBXFileReference; lastKnownFileType = file.storyboard; name = Base; path = Base.lproj/LaunchScreen.storyboard; sourceTree = "<group>"; };
		69EC01C020949C9E00598878 /* Info.plist */ = {isa = PBXFileReference; lastKnownFileType = text.plist.xml; path = Info.plist; sourceTree = "<group>"; };
		69EC01C520949C9E00598878 /* TicTacToeTests.xctest */ = {isa = PBXFileReference; explicitFileType = wrapper.cfbundle; includeInIndex = 0; path = TicTacToeTests.xctest; sourceTree = BUILT_PRODUCTS_DIR; };
		69EC01C920949C9E00598878 /* TicTacToeTests.swift */ = {isa = PBXFileReference; lastKnownFileType = sourcecode.swift; path = TicTacToeTests.swift; sourceTree = "<group>"; };
		69EC01CB20949C9E00598878 /* Info.plist */ = {isa = PBXFileReference; lastKnownFileType = text.plist.xml; path = Info.plist; sourceTree = "<group>"; };
		69EC01D020949C9E00598878 /* TicTacToeUITests.xctest */ = {isa = PBXFileReference; explicitFileType = wrapper.cfbundle; includeInIndex = 0; path = TicTacToeUITests.xctest; sourceTree = BUILT_PRODUCTS_DIR; };
		69EC01D420949C9E00598878 /* TicTacToeUITests.swift */ = {isa = PBXFileReference; lastKnownFileType = sourcecode.swift; path = TicTacToeUITests.swift; sourceTree = "<group>"; };
		69EC01D620949C9E00598878 /* Info.plist */ = {isa = PBXFileReference; lastKnownFileType = text.plist.xml; path = Info.plist; sourceTree = "<group>"; };
		720BF0042094E49B00E3BB83 /* Jogador.swift */ = {isa = PBXFileReference; lastKnownFileType = sourcecode.swift; path = Jogador.swift; sourceTree = "<group>"; };
		720BF0062094E5EF00E3BB83 /* Partida.swift */ = {isa = PBXFileReference; lastKnownFileType = sourcecode.swift; path = Partida.swift; sourceTree = "<group>"; };
		720BF0082094E91400E3BB83 /* Sala.swift */ = {isa = PBXFileReference; lastKnownFileType = sourcecode.swift; path = Sala.swift; sourceTree = "<group>"; };
		720BF00A2094EB2C00E3BB83 /* Jogada.swift */ = {isa = PBXFileReference; lastKnownFileType = sourcecode.swift; path = Jogada.swift; sourceTree = "<group>"; };
		720BF00E20A3E22F00E3BB83 /* JogadoresOnlineTableViewController.swift */ = {isa = PBXFileReference; lastKnownFileType = sourcecode.swift; path = JogadoresOnlineTableViewController.swift; sourceTree = "<group>"; };
		720BF01020A3E31800E3BB83 /* HistoricoPartidasTableViewController.swift */ = {isa = PBXFileReference; lastKnownFileType = sourcecode.swift; path = HistoricoPartidasTableViewController.swift; sourceTree = "<group>"; };
		720BF01220A3EC7E00E3BB83 /* EncodeDecodeUtils.swift */ = {isa = PBXFileReference; lastKnownFileType = sourcecode.swift; path = EncodeDecodeUtils.swift; sourceTree = "<group>"; };
		924C6EC2116E37873E657642 /* Pods-TicTacToeTests.debug.xcconfig */ = {isa = PBXFileReference; includeInIndex = 1; lastKnownFileType = text.xcconfig; name = "Pods-TicTacToeTests.debug.xcconfig"; path = "Pods/Target Support Files/Pods-TicTacToeTests/Pods-TicTacToeTests.debug.xcconfig"; sourceTree = "<group>"; };
		AF7689A5E8583587272787EA /* Pods-TicTacToeUITests.debug.xcconfig */ = {isa = PBXFileReference; includeInIndex = 1; lastKnownFileType = text.xcconfig; name = "Pods-TicTacToeUITests.debug.xcconfig"; path = "Pods/Target Support Files/Pods-TicTacToeUITests/Pods-TicTacToeUITests.debug.xcconfig"; sourceTree = "<group>"; };
/* End PBXFileReference section */

/* Begin PBXFrameworksBuildPhase section */
		69EC01AE20949C9C00598878 /* Frameworks */ = {
			isa = PBXFrameworksBuildPhase;
			buildActionMask = 2147483647;
			files = (
				F374F18130CB0E99655072AA /* Pods_TicTacToe.framework in Frameworks */,
			);
			runOnlyForDeploymentPostprocessing = 0;
		};
		69EC01C220949C9E00598878 /* Frameworks */ = {
			isa = PBXFrameworksBuildPhase;
			buildActionMask = 2147483647;
			files = (
				2D6F617F20EE8C361948734F /* Pods_TicTacToeTests.framework in Frameworks */,
			);
			runOnlyForDeploymentPostprocessing = 0;
		};
		69EC01CD20949C9E00598878 /* Frameworks */ = {
			isa = PBXFrameworksBuildPhase;
			buildActionMask = 2147483647;
			files = (
				89DD4E55FB8B427EF26EC0D7 /* Pods_TicTacToeUITests.framework in Frameworks */,
			);
			runOnlyForDeploymentPostprocessing = 0;
		};
/* End PBXFrameworksBuildPhase section */

/* Begin PBXGroup section */
		69323E722094FCA600D7A36A /* Utils */ = {
			isa = PBXGroup;
			children = (
				69323E732094FCBE00D7A36A /* AlertUtils.swift */,
				720BF01220A3EC7E00E3BB83 /* EncodeDecodeUtils.swift */,
			);
			path = Utils;
			sourceTree = "<group>";
		};
		69323E752094FDB500D7A36A /* Controllers */ = {
			isa = PBXGroup;
			children = (
				69323E782094FF7000D7A36A /* GameViewController.swift */,
				720BF01020A3E31800E3BB83 /* HistoricoPartidasTableViewController.swift */,
				720BF00E20A3E22F00E3BB83 /* JogadoresOnlineTableViewController.swift */,
				696BD9FB209F6ABC0002E9C3 /* CadastroViewController.swift */,
				696BD9F7209F69D10002E9C3 /* LoginViewController.swift */,
				696BD9F3209F62670002E9C3 /* HomeViewController.swift */,
			);
			path = Controllers;
			sourceTree = "<group>";
		};
		696BD9F0209F5C610002E9C3 /* Models */ = {
			isa = PBXGroup;
			children = (
				720BF00A2094EB2C00E3BB83 /* Jogada.swift */,
				720BF0082094E91400E3BB83 /* Sala.swift */,
				720BF0062094E5EF00E3BB83 /* Partida.swift */,
				720BF0042094E49B00E3BB83 /* Jogador.swift */,
			);
			path = Models;
			sourceTree = "<group>";
		};
		69EC01A820949C9C00598878 = {
			isa = PBXGroup;
			children = (
				69EC01B320949C9C00598878 /* TicTacToe */,
				69EC01C820949C9E00598878 /* TicTacToeTests */,
				69EC01D320949C9E00598878 /* TicTacToeUITests */,
				69EC01B220949C9C00598878 /* Products */,
				A505EDFC6B7096EE3B59886F /* Pods */,
				E941112CA29CFEF292CC1F55 /* Frameworks */,
			);
			sourceTree = "<group>";
			wrapsLines = 0;
		};
		69EC01B220949C9C00598878 /* Products */ = {
			isa = PBXGroup;
			children = (
				69EC01B120949C9C00598878 /* TicTacToe.app */,
				69EC01C520949C9E00598878 /* TicTacToeTests.xctest */,
				69EC01D020949C9E00598878 /* TicTacToeUITests.xctest */,
			);
			name = Products;
			sourceTree = "<group>";
		};
		69EC01B320949C9C00598878 /* TicTacToe */ = {
			isa = PBXGroup;
			children = (
				696BD9F0209F5C610002E9C3 /* Models */,
				69323E752094FDB500D7A36A /* Controllers */,
				69323E722094FCA600D7A36A /* Utils */,
				69BC61D12094B54A00C99E06 /* GoogleService-Info.plist */,
				69EC01B420949C9C00598878 /* AppDelegate.swift */,
				69EC01B620949C9C00598878 /* ViewController.swift */,
				69EC01B820949C9C00598878 /* Main.storyboard */,
				69EC01BB20949C9E00598878 /* Assets.xcassets */,
				69EC01BD20949C9E00598878 /* LaunchScreen.storyboard */,
				69EC01C020949C9E00598878 /* Info.plist */,
				69C21B2620A6641E00753DF6 /* Game.swift */,
			);
			path = TicTacToe;
			sourceTree = "<group>";
		};
		69EC01C820949C9E00598878 /* TicTacToeTests */ = {
			isa = PBXGroup;
			children = (
				69EC01C920949C9E00598878 /* TicTacToeTests.swift */,
				69EC01CB20949C9E00598878 /* Info.plist */,
			);
			path = TicTacToeTests;
			sourceTree = "<group>";
		};
		69EC01D320949C9E00598878 /* TicTacToeUITests */ = {
			isa = PBXGroup;
			children = (
				69EC01D420949C9E00598878 /* TicTacToeUITests.swift */,
				69EC01D620949C9E00598878 /* Info.plist */,
			);
			path = TicTacToeUITests;
			sourceTree = "<group>";
		};
		A505EDFC6B7096EE3B59886F /* Pods */ = {
			isa = PBXGroup;
			children = (
				15CB1C68642742679BD0D22A /* Pods-TicTacToe.debug.xcconfig */,
				35C33C19F8297AB275EB32B6 /* Pods-TicTacToe.release.xcconfig */,
				924C6EC2116E37873E657642 /* Pods-TicTacToeTests.debug.xcconfig */,
				4C08BA12C31CF10C3EDF3F2F /* Pods-TicTacToeTests.release.xcconfig */,
				AF7689A5E8583587272787EA /* Pods-TicTacToeUITests.debug.xcconfig */,
				03CB9F7C1060AECB6C20D692 /* Pods-TicTacToeUITests.release.xcconfig */,
			);
			name = Pods;
			sourceTree = "<group>";
		};
		E941112CA29CFEF292CC1F55 /* Frameworks */ = {
			isa = PBXGroup;
			children = (
				02B698F2BD567A943FC2F786 /* Pods_TicTacToe.framework */,
				58EA2ACA20C852DFDF7F7008 /* Pods_TicTacToeTests.framework */,
				540B35240704F0C057EA4569 /* Pods_TicTacToeUITests.framework */,
			);
			name = Frameworks;
			sourceTree = "<group>";
		};
/* End PBXGroup section */

/* Begin PBXNativeTarget section */
		69EC01B020949C9C00598878 /* TicTacToe */ = {
			isa = PBXNativeTarget;
			buildConfigurationList = 69EC01D920949C9E00598878 /* Build configuration list for PBXNativeTarget "TicTacToe" */;
			buildPhases = (
				1AB07FEE8E2FF59EB922E5EA /* [CP] Check Pods Manifest.lock */,
				69EC01AD20949C9C00598878 /* Sources */,
				69EC01AE20949C9C00598878 /* Frameworks */,
				69EC01AF20949C9C00598878 /* Resources */,
				02C4D0F325F90CFA26759E41 /* [CP] Embed Pods Frameworks */,
			);
			buildRules = (
			);
			dependencies = (
			);
			name = TicTacToe;
			productName = TicTacToe;
			productReference = 69EC01B120949C9C00598878 /* TicTacToe.app */;
			productType = "com.apple.product-type.application";
		};
		69EC01C420949C9E00598878 /* TicTacToeTests */ = {
			isa = PBXNativeTarget;
			buildConfigurationList = 69EC01DC20949C9E00598878 /* Build configuration list for PBXNativeTarget "TicTacToeTests" */;
			buildPhases = (
				1717F1D6ED60FBDE68B1DDFD /* [CP] Check Pods Manifest.lock */,
				69EC01C120949C9E00598878 /* Sources */,
				69EC01C220949C9E00598878 /* Frameworks */,
				69EC01C320949C9E00598878 /* Resources */,
			);
			buildRules = (
			);
			dependencies = (
				69EC01C720949C9E00598878 /* PBXTargetDependency */,
			);
			name = TicTacToeTests;
			productName = TicTacToeTests;
			productReference = 69EC01C520949C9E00598878 /* TicTacToeTests.xctest */;
			productType = "com.apple.product-type.bundle.unit-test";
		};
		69EC01CF20949C9E00598878 /* TicTacToeUITests */ = {
			isa = PBXNativeTarget;
			buildConfigurationList = 69EC01DF20949C9E00598878 /* Build configuration list for PBXNativeTarget "TicTacToeUITests" */;
			buildPhases = (
				04B757241A4A2DC8D1FD9BBB /* [CP] Check Pods Manifest.lock */,
				69EC01CC20949C9E00598878 /* Sources */,
				69EC01CD20949C9E00598878 /* Frameworks */,
				69EC01CE20949C9E00598878 /* Resources */,
			);
			buildRules = (
			);
			dependencies = (
				69EC01D220949C9E00598878 /* PBXTargetDependency */,
			);
			name = TicTacToeUITests;
			productName = TicTacToeUITests;
			productReference = 69EC01D020949C9E00598878 /* TicTacToeUITests.xctest */;
			productType = "com.apple.product-type.bundle.ui-testing";
		};
/* End PBXNativeTarget section */

/* Begin PBXProject section */
		69EC01A920949C9C00598878 /* Project object */ = {
			isa = PBXProject;
			attributes = {
				LastSwiftUpdateCheck = 0930;
				LastUpgradeCheck = 0930;
				ORGANIZATIONNAME = UNI7;
				TargetAttributes = {
					69EC01B020949C9C00598878 = {
						CreatedOnToolsVersion = 9.3;
					};
					69EC01C420949C9E00598878 = {
						CreatedOnToolsVersion = 9.3;
						TestTargetID = 69EC01B020949C9C00598878;
					};
					69EC01CF20949C9E00598878 = {
						CreatedOnToolsVersion = 9.3;
						TestTargetID = 69EC01B020949C9C00598878;
					};
				};
			};
			buildConfigurationList = 69EC01AC20949C9C00598878 /* Build configuration list for PBXProject "TicTacToe" */;
			compatibilityVersion = "Xcode 9.3";
			developmentRegion = en;
			hasScannedForEncodings = 0;
			knownRegions = (
				en,
				Base,
			);
			mainGroup = 69EC01A820949C9C00598878;
			productRefGroup = 69EC01B220949C9C00598878 /* Products */;
			projectDirPath = "";
			projectRoot = "";
			targets = (
				69EC01B020949C9C00598878 /* TicTacToe */,
				69EC01C420949C9E00598878 /* TicTacToeTests */,
				69EC01CF20949C9E00598878 /* TicTacToeUITests */,
			);
		};
/* End PBXProject section */

/* Begin PBXResourcesBuildPhase section */
		69EC01AF20949C9C00598878 /* Resources */ = {
			isa = PBXResourcesBuildPhase;
			buildActionMask = 2147483647;
			files = (
				69EC01BF20949C9E00598878 /* LaunchScreen.storyboard in Resources */,
				69BC61D22094B54A00C99E06 /* GoogleService-Info.plist in Resources */,
				69EC01BC20949C9E00598878 /* Assets.xcassets in Resources */,
				69EC01BA20949C9C00598878 /* Main.storyboard in Resources */,
			);
			runOnlyForDeploymentPostprocessing = 0;
		};
		69EC01C320949C9E00598878 /* Resources */ = {
			isa = PBXResourcesBuildPhase;
			buildActionMask = 2147483647;
			files = (
			);
			runOnlyForDeploymentPostprocessing = 0;
		};
		69EC01CE20949C9E00598878 /* Resources */ = {
			isa = PBXResourcesBuildPhase;
			buildActionMask = 2147483647;
			files = (
			);
			runOnlyForDeploymentPostprocessing = 0;
		};
/* End PBXResourcesBuildPhase section */

/* Begin PBXShellScriptBuildPhase section */
		02C4D0F325F90CFA26759E41 /* [CP] Embed Pods Frameworks */ = {
			isa = PBXShellScriptBuildPhase;
			buildActionMask = 2147483647;
			files = (
			);
			inputPaths = (
				"${SRCROOT}/Pods/Target Support Files/Pods-TicTacToe/Pods-TicTacToe-frameworks.sh",
				"${BUILT_PRODUCTS_DIR}/GTMSessionFetcher/GTMSessionFetcher.framework",
				"${BUILT_PRODUCTS_DIR}/GoogleToolboxForMac/GoogleToolboxForMac.framework",
				"${BUILT_PRODUCTS_DIR}/leveldb-library/leveldb.framework",
				"${BUILT_PRODUCTS_DIR}/nanopb/nanopb.framework",
			);
			name = "[CP] Embed Pods Frameworks";
			outputPaths = (
				"${TARGET_BUILD_DIR}/${FRAMEWORKS_FOLDER_PATH}/GTMSessionFetcher.framework",
				"${TARGET_BUILD_DIR}/${FRAMEWORKS_FOLDER_PATH}/GoogleToolboxForMac.framework",
				"${TARGET_BUILD_DIR}/${FRAMEWORKS_FOLDER_PATH}/leveldb.framework",
				"${TARGET_BUILD_DIR}/${FRAMEWORKS_FOLDER_PATH}/nanopb.framework",
			);
			runOnlyForDeploymentPostprocessing = 0;
			shellPath = /bin/sh;
			shellScript = "\"${SRCROOT}/Pods/Target Support Files/Pods-TicTacToe/Pods-TicTacToe-frameworks.sh\"\n";
			showEnvVarsInLog = 0;
		};
		04B757241A4A2DC8D1FD9BBB /* [CP] Check Pods Manifest.lock */ = {
			isa = PBXShellScriptBuildPhase;
			buildActionMask = 2147483647;
			files = (
			);
			inputPaths = (
				"${PODS_PODFILE_DIR_PATH}/Podfile.lock",
				"${PODS_ROOT}/Manifest.lock",
			);
			name = "[CP] Check Pods Manifest.lock";
			outputPaths = (
				"$(DERIVED_FILE_DIR)/Pods-TicTacToeUITests-checkManifestLockResult.txt",
			);
			runOnlyForDeploymentPostprocessing = 0;
			shellPath = /bin/sh;
			shellScript = "diff \"${PODS_PODFILE_DIR_PATH}/Podfile.lock\" \"${PODS_ROOT}/Manifest.lock\" > /dev/null\nif [ $? != 0 ] ; then\n    # print error to STDERR\n    echo \"error: The sandbox is not in sync with the Podfile.lock. Run 'pod install' or update your CocoaPods installation.\" >&2\n    exit 1\nfi\n# This output is used by Xcode 'outputs' to avoid re-running this script phase.\necho \"SUCCESS\" > \"${SCRIPT_OUTPUT_FILE_0}\"\n";
			showEnvVarsInLog = 0;
		};
		1717F1D6ED60FBDE68B1DDFD /* [CP] Check Pods Manifest.lock */ = {
			isa = PBXShellScriptBuildPhase;
			buildActionMask = 2147483647;
			files = (
			);
			inputPaths = (
				"${PODS_PODFILE_DIR_PATH}/Podfile.lock",
				"${PODS_ROOT}/Manifest.lock",
			);
			name = "[CP] Check Pods Manifest.lock";
			outputPaths = (
				"$(DERIVED_FILE_DIR)/Pods-TicTacToeTests-checkManifestLockResult.txt",
			);
			runOnlyForDeploymentPostprocessing = 0;
			shellPath = /bin/sh;
			shellScript = "diff \"${PODS_PODFILE_DIR_PATH}/Podfile.lock\" \"${PODS_ROOT}/Manifest.lock\" > /dev/null\nif [ $? != 0 ] ; then\n    # print error to STDERR\n    echo \"error: The sandbox is not in sync with the Podfile.lock. Run 'pod install' or update your CocoaPods installation.\" >&2\n    exit 1\nfi\n# This output is used by Xcode 'outputs' to avoid re-running this script phase.\necho \"SUCCESS\" > \"${SCRIPT_OUTPUT_FILE_0}\"\n";
			showEnvVarsInLog = 0;
		};
		1AB07FEE8E2FF59EB922E5EA /* [CP] Check Pods Manifest.lock */ = {
			isa = PBXShellScriptBuildPhase;
			buildActionMask = 2147483647;
			files = (
			);
			inputPaths = (
				"${PODS_PODFILE_DIR_PATH}/Podfile.lock",
				"${PODS_ROOT}/Manifest.lock",
			);
			name = "[CP] Check Pods Manifest.lock";
			outputPaths = (
				"$(DERIVED_FILE_DIR)/Pods-TicTacToe-checkManifestLockResult.txt",
			);
			runOnlyForDeploymentPostprocessing = 0;
			shellPath = /bin/sh;
			shellScript = "diff \"${PODS_PODFILE_DIR_PATH}/Podfile.lock\" \"${PODS_ROOT}/Manifest.lock\" > /dev/null\nif [ $? != 0 ] ; then\n    # print error to STDERR\n    echo \"error: The sandbox is not in sync with the Podfile.lock. Run 'pod install' or update your CocoaPods installation.\" >&2\n    exit 1\nfi\n# This output is used by Xcode 'outputs' to avoid re-running this script phase.\necho \"SUCCESS\" > \"${SCRIPT_OUTPUT_FILE_0}\"\n";
			showEnvVarsInLog = 0;
		};
/* End PBXShellScriptBuildPhase section */

/* Begin PBXSourcesBuildPhase section */
		69EC01AD20949C9C00598878 /* Sources */ = {
			isa = PBXSourcesBuildPhase;
			buildActionMask = 2147483647;
			files = (
				69323E792094FF7000D7A36A /* GameViewController.swift in Sources */,
				69C21B2720A6641E00753DF6 /* Game.swift in Sources */,
				69EC01B720949C9C00598878 /* ViewController.swift in Sources */,
				720BF00B2094EB2C00E3BB83 /* Jogada.swift in Sources */,
				720BF01320A3EC7E00E3BB83 /* EncodeDecodeUtils.swift in Sources */,
				720BF01120A3E31800E3BB83 /* HistoricoPartidasTableViewController.swift in Sources */,
				720BF0072094E5EF00E3BB83 /* Partida.swift in Sources */,
				720BF0052094E49B00E3BB83 /* Jogador.swift in Sources */,
				696BD9F4209F62680002E9C3 /* HomeViewController.swift in Sources */,
				720BF0092094E91400E3BB83 /* Sala.swift in Sources */,
				69EC01B520949C9C00598878 /* AppDelegate.swift in Sources */,
				696BD9F8209F69D10002E9C3 /* LoginViewController.swift in Sources */,
				720BF00F20A3E22F00E3BB83 /* JogadoresOnlineTableViewController.swift in Sources */,
				69323E742094FCBE00D7A36A /* AlertUtils.swift in Sources */,
				696BD9FC209F6ABC0002E9C3 /* CadastroViewController.swift in Sources */,
			);
			runOnlyForDeploymentPostprocessing = 0;
		};
		69EC01C120949C9E00598878 /* Sources */ = {
			isa = PBXSourcesBuildPhase;
			buildActionMask = 2147483647;
			files = (
				69EC01CA20949C9E00598878 /* TicTacToeTests.swift in Sources */,
			);
			runOnlyForDeploymentPostprocessing = 0;
		};
		69EC01CC20949C9E00598878 /* Sources */ = {
			isa = PBXSourcesBuildPhase;
			buildActionMask = 2147483647;
			files = (
				69EC01D520949C9E00598878 /* TicTacToeUITests.swift in Sources */,
			);
			runOnlyForDeploymentPostprocessing = 0;
		};
/* End PBXSourcesBuildPhase section */

/* Begin PBXTargetDependency section */
		69EC01C720949C9E00598878 /* PBXTargetDependency */ = {
			isa = PBXTargetDependency;
			target = 69EC01B020949C9C00598878 /* TicTacToe */;
			targetProxy = 69EC01C620949C9E00598878 /* PBXContainerItemProxy */;
		};
		69EC01D220949C9E00598878 /* PBXTargetDependency */ = {
			isa = PBXTargetDependency;
			target = 69EC01B020949C9C00598878 /* TicTacToe */;
			targetProxy = 69EC01D120949C9E00598878 /* PBXContainerItemProxy */;
		};
/* End PBXTargetDependency section */

/* Begin PBXVariantGroup section */
		69EC01B820949C9C00598878 /* Main.storyboard */ = {
			isa = PBXVariantGroup;
			children = (
				69EC01B920949C9C00598878 /* Base */,
			);
			name = Main.storyboard;
			sourceTree = "<group>";
		};
		69EC01BD20949C9E00598878 /* LaunchScreen.storyboard */ = {
			isa = PBXVariantGroup;
			children = (
				69EC01BE20949C9E00598878 /* Base */,
			);
			name = LaunchScreen.storyboard;
			sourceTree = "<group>";
		};
/* End PBXVariantGroup section */

/* Begin XCBuildConfiguration section */
		69EC01D720949C9E00598878 /* Debug */ = {
			isa = XCBuildConfiguration;
			buildSettings = {
				ALWAYS_SEARCH_USER_PATHS = NO;
				CLANG_ANALYZER_NONNULL = YES;
				CLANG_ANALYZER_NUMBER_OBJECT_CONVERSION = YES_AGGRESSIVE;
				CLANG_CXX_LANGUAGE_STANDARD = "gnu++14";
				CLANG_CXX_LIBRARY = "libc++";
				CLANG_ENABLE_MODULES = YES;
				CLANG_ENABLE_OBJC_ARC = YES;
				CLANG_ENABLE_OBJC_WEAK = YES;
				CLANG_WARN_BLOCK_CAPTURE_AUTORELEASING = YES;
				CLANG_WARN_BOOL_CONVERSION = YES;
				CLANG_WARN_COMMA = YES;
				CLANG_WARN_CONSTANT_CONVERSION = YES;
				CLANG_WARN_DEPRECATED_OBJC_IMPLEMENTATIONS = YES;
				CLANG_WARN_DIRECT_OBJC_ISA_USAGE = YES_ERROR;
				CLANG_WARN_DOCUMENTATION_COMMENTS = YES;
				CLANG_WARN_EMPTY_BODY = YES;
				CLANG_WARN_ENUM_CONVERSION = YES;
				CLANG_WARN_INFINITE_RECURSION = YES;
				CLANG_WARN_INT_CONVERSION = YES;
				CLANG_WARN_NON_LITERAL_NULL_CONVERSION = YES;
				CLANG_WARN_OBJC_IMPLICIT_RETAIN_SELF = YES;
				CLANG_WARN_OBJC_LITERAL_CONVERSION = YES;
				CLANG_WARN_OBJC_ROOT_CLASS = YES_ERROR;
				CLANG_WARN_RANGE_LOOP_ANALYSIS = YES;
				CLANG_WARN_STRICT_PROTOTYPES = YES;
				CLANG_WARN_SUSPICIOUS_MOVE = YES;
				CLANG_WARN_UNGUARDED_AVAILABILITY = YES_AGGRESSIVE;
				CLANG_WARN_UNREACHABLE_CODE = YES;
				CLANG_WARN__DUPLICATE_METHOD_MATCH = YES;
				CODE_SIGN_IDENTITY = "iPhone Developer";
				COPY_PHASE_STRIP = NO;
				DEBUG_INFORMATION_FORMAT = dwarf;
				ENABLE_STRICT_OBJC_MSGSEND = YES;
				ENABLE_TESTABILITY = YES;
				GCC_C_LANGUAGE_STANDARD = gnu11;
				GCC_DYNAMIC_NO_PIC = NO;
				GCC_NO_COMMON_BLOCKS = YES;
				GCC_OPTIMIZATION_LEVEL = 0;
				GCC_PREPROCESSOR_DEFINITIONS = (
					"DEBUG=1",
					"$(inherited)",
				);
				GCC_WARN_64_TO_32_BIT_CONVERSION = YES;
				GCC_WARN_ABOUT_RETURN_TYPE = YES_ERROR;
				GCC_WARN_UNDECLARED_SELECTOR = YES;
				GCC_WARN_UNINITIALIZED_AUTOS = YES_AGGRESSIVE;
				GCC_WARN_UNUSED_FUNCTION = YES;
				GCC_WARN_UNUSED_VARIABLE = YES;
				IPHONEOS_DEPLOYMENT_TARGET = 11.3;
				MTL_ENABLE_DEBUG_INFO = YES;
				ONLY_ACTIVE_ARCH = YES;
				SDKROOT = iphoneos;
				SWIFT_ACTIVE_COMPILATION_CONDITIONS = DEBUG;
				SWIFT_OPTIMIZATION_LEVEL = "-Onone";
			};
			name = Debug;
		};
		69EC01D820949C9E00598878 /* Release */ = {
			isa = XCBuildConfiguration;
			buildSettings = {
				ALWAYS_SEARCH_USER_PATHS = NO;
				CLANG_ANALYZER_NONNULL = YES;
				CLANG_ANALYZER_NUMBER_OBJECT_CONVERSION = YES_AGGRESSIVE;
				CLANG_CXX_LANGUAGE_STANDARD = "gnu++14";
				CLANG_CXX_LIBRARY = "libc++";
				CLANG_ENABLE_MODULES = YES;
				CLANG_ENABLE_OBJC_ARC = YES;
				CLANG_ENABLE_OBJC_WEAK = YES;
				CLANG_WARN_BLOCK_CAPTURE_AUTORELEASING = YES;
				CLANG_WARN_BOOL_CONVERSION = YES;
				CLANG_WARN_COMMA = YES;
				CLANG_WARN_CONSTANT_CONVERSION = YES;
				CLANG_WARN_DEPRECATED_OBJC_IMPLEMENTATIONS = YES;
				CLANG_WARN_DIRECT_OBJC_ISA_USAGE = YES_ERROR;
				CLANG_WARN_DOCUMENTATION_COMMENTS = YES;
				CLANG_WARN_EMPTY_BODY = YES;
				CLANG_WARN_ENUM_CONVERSION = YES;
				CLANG_WARN_INFINITE_RECURSION = YES;
				CLANG_WARN_INT_CONVERSION = YES;
				CLANG_WARN_NON_LITERAL_NULL_CONVERSION = YES;
				CLANG_WARN_OBJC_IMPLICIT_RETAIN_SELF = YES;
				CLANG_WARN_OBJC_LITERAL_CONVERSION = YES;
				CLANG_WARN_OBJC_ROOT_CLASS = YES_ERROR;
				CLANG_WARN_RANGE_LOOP_ANALYSIS = YES;
				CLANG_WARN_STRICT_PROTOTYPES = YES;
				CLANG_WARN_SUSPICIOUS_MOVE = YES;
				CLANG_WARN_UNGUARDED_AVAILABILITY = YES_AGGRESSIVE;
				CLANG_WARN_UNREACHABLE_CODE = YES;
				CLANG_WARN__DUPLICATE_METHOD_MATCH = YES;
				CODE_SIGN_IDENTITY = "iPhone Developer";
				COPY_PHASE_STRIP = NO;
				DEBUG_INFORMATION_FORMAT = "dwarf-with-dsym";
				ENABLE_NS_ASSERTIONS = NO;
				ENABLE_STRICT_OBJC_MSGSEND = YES;
				GCC_C_LANGUAGE_STANDARD = gnu11;
				GCC_NO_COMMON_BLOCKS = YES;
				GCC_WARN_64_TO_32_BIT_CONVERSION = YES;
				GCC_WARN_ABOUT_RETURN_TYPE = YES_ERROR;
				GCC_WARN_UNDECLARED_SELECTOR = YES;
				GCC_WARN_UNINITIALIZED_AUTOS = YES_AGGRESSIVE;
				GCC_WARN_UNUSED_FUNCTION = YES;
				GCC_WARN_UNUSED_VARIABLE = YES;
				IPHONEOS_DEPLOYMENT_TARGET = 11.3;
				MTL_ENABLE_DEBUG_INFO = NO;
				SDKROOT = iphoneos;
				SWIFT_COMPILATION_MODE = wholemodule;
				SWIFT_OPTIMIZATION_LEVEL = "-O";
				VALIDATE_PRODUCT = YES;
			};
			name = Release;
		};
		69EC01DA20949C9E00598878 /* Debug */ = {
			isa = XCBuildConfiguration;
			baseConfigurationReference = 15CB1C68642742679BD0D22A /* Pods-TicTacToe.debug.xcconfig */;
			buildSettings = {
				ASSETCATALOG_COMPILER_APPICON_NAME = AppIcon;
				CODE_SIGN_IDENTITY = "iPhone Developer";
				CODE_SIGN_STYLE = Automatic;
				DEVELOPMENT_TEAM = "";
				INFOPLIST_FILE = TicTacToe/Info.plist;
				LD_RUNPATH_SEARCH_PATHS = (
					"$(inherited)",
					"@executable_path/Frameworks",
				);
				PRODUCT_BUNDLE_IDENTIFIER = br.com.uni7.TicTacToe;
				PRODUCT_NAME = "$(TARGET_NAME)";
				PROVISIONING_PROFILE_SPECIFIER = "";
				SWIFT_VERSION = 4.0;
				TARGETED_DEVICE_FAMILY = "1,2";
			};
			name = Debug;
		};
		69EC01DB20949C9E00598878 /* Release */ = {
			isa = XCBuildConfiguration;
			baseConfigurationReference = 35C33C19F8297AB275EB32B6 /* Pods-TicTacToe.release.xcconfig */;
			buildSettings = {
				ASSETCATALOG_COMPILER_APPICON_NAME = AppIcon;
				CODE_SIGN_IDENTITY = "iPhone Developer";
				CODE_SIGN_STYLE = Automatic;
				DEVELOPMENT_TEAM = "";
				INFOPLIST_FILE = TicTacToe/Info.plist;
				LD_RUNPATH_SEARCH_PATHS = (
					"$(inherited)",
					"@executable_path/Frameworks",
				);
				PRODUCT_BUNDLE_IDENTIFIER = br.com.uni7.TicTacToe;
				PRODUCT_NAME = "$(TARGET_NAME)";
				PROVISIONING_PROFILE_SPECIFIER = "";
				SWIFT_VERSION = 4.0;
				TARGETED_DEVICE_FAMILY = "1,2";
			};
			name = Release;
		};
		69EC01DD20949C9E00598878 /* Debug */ = {
			isa = XCBuildConfiguration;
			baseConfigurationReference = 924C6EC2116E37873E657642 /* Pods-TicTacToeTests.debug.xcconfig */;
			buildSettings = {
				ALWAYS_EMBED_SWIFT_STANDARD_LIBRARIES = YES;
				BUNDLE_LOADER = "$(TEST_HOST)";
				CODE_SIGN_STYLE = Automatic;
				DEVELOPMENT_TEAM = 2339U2ZG38;
				INFOPLIST_FILE = TicTacToeTests/Info.plist;
				LD_RUNPATH_SEARCH_PATHS = (
					"$(inherited)",
					"@executable_path/Frameworks",
					"@loader_path/Frameworks",
				);
				PRODUCT_BUNDLE_IDENTIFIER = br.com.uni7.TicTacToeTests;
				PRODUCT_NAME = "$(TARGET_NAME)";
				SWIFT_VERSION = 4.0;
				TARGETED_DEVICE_FAMILY = "1,2";
				TEST_HOST = "$(BUILT_PRODUCTS_DIR)/TicTacToe.app/TicTacToe";
			};
			name = Debug;
		};
		69EC01DE20949C9E00598878 /* Release */ = {
			isa = XCBuildConfiguration;
			baseConfigurationReference = 4C08BA12C31CF10C3EDF3F2F /* Pods-TicTacToeTests.release.xcconfig */;
			buildSettings = {
				ALWAYS_EMBED_SWIFT_STANDARD_LIBRARIES = YES;
				BUNDLE_LOADER = "$(TEST_HOST)";
				CODE_SIGN_STYLE = Automatic;
				DEVELOPMENT_TEAM = 2339U2ZG38;
				INFOPLIST_FILE = TicTacToeTests/Info.plist;
				LD_RUNPATH_SEARCH_PATHS = (
					"$(inherited)",
					"@executable_path/Frameworks",
					"@loader_path/Frameworks",
				);
				PRODUCT_BUNDLE_IDENTIFIER = br.com.uni7.TicTacToeTests;
				PRODUCT_NAME = "$(TARGET_NAME)";
				SWIFT_VERSION = 4.0;
				TARGETED_DEVICE_FAMILY = "1,2";
				TEST_HOST = "$(BUILT_PRODUCTS_DIR)/TicTacToe.app/TicTacToe";
			};
			name = Release;
		};
		69EC01E020949C9E00598878 /* Debug */ = {
			isa = XCBuildConfiguration;
			baseConfigurationReference = AF7689A5E8583587272787EA /* Pods-TicTacToeUITests.debug.xcconfig */;
			buildSettings = {
				ALWAYS_EMBED_SWIFT_STANDARD_LIBRARIES = YES;
				CODE_SIGN_STYLE = Automatic;
				DEVELOPMENT_TEAM = 2339U2ZG38;
				INFOPLIST_FILE = TicTacToeUITests/Info.plist;
				LD_RUNPATH_SEARCH_PATHS = (
					"$(inherited)",
					"@executable_path/Frameworks",
					"@loader_path/Frameworks",
				);
				PRODUCT_BUNDLE_IDENTIFIER = br.com.uni7.TicTacToeUITests;
				PRODUCT_NAME = "$(TARGET_NAME)";
				SWIFT_VERSION = 4.0;
				TARGETED_DEVICE_FAMILY = "1,2";
				TEST_TARGET_NAME = TicTacToe;
			};
			name = Debug;
		};
		69EC01E120949C9E00598878 /* Release */ = {
			isa = XCBuildConfiguration;
			baseConfigurationReference = 03CB9F7C1060AECB6C20D692 /* Pods-TicTacToeUITests.release.xcconfig */;
			buildSettings = {
				ALWAYS_EMBED_SWIFT_STANDARD_LIBRARIES = YES;
				CODE_SIGN_STYLE = Automatic;
				DEVELOPMENT_TEAM = 2339U2ZG38;
				INFOPLIST_FILE = TicTacToeUITests/Info.plist;
				LD_RUNPATH_SEARCH_PATHS = (
					"$(inherited)",
					"@executable_path/Frameworks",
					"@loader_path/Frameworks",
				);
				PRODUCT_BUNDLE_IDENTIFIER = br.com.uni7.TicTacToeUITests;
				PRODUCT_NAME = "$(TARGET_NAME)";
				SWIFT_VERSION = 4.0;
				TARGETED_DEVICE_FAMILY = "1,2";
				TEST_TARGET_NAME = TicTacToe;
			};
			name = Release;
		};
/* End XCBuildConfiguration section */

/* Begin XCConfigurationList section */
		69EC01AC20949C9C00598878 /* Build configuration list for PBXProject "TicTacToe" */ = {
			isa = XCConfigurationList;
			buildConfigurations = (
				69EC01D720949C9E00598878 /* Debug */,
				69EC01D820949C9E00598878 /* Release */,
			);
			defaultConfigurationIsVisible = 0;
			defaultConfigurationName = Release;
		};
		69EC01D920949C9E00598878 /* Build configuration list for PBXNativeTarget "TicTacToe" */ = {
			isa = XCConfigurationList;
			buildConfigurations = (
				69EC01DA20949C9E00598878 /* Debug */,
				69EC01DB20949C9E00598878 /* Release */,
			);
			defaultConfigurationIsVisible = 0;
			defaultConfigurationName = Release;
		};
		69EC01DC20949C9E00598878 /* Build configuration list for PBXNativeTarget "TicTacToeTests" */ = {
			isa = XCConfigurationList;
			buildConfigurations = (
				69EC01DD20949C9E00598878 /* Debug */,
				69EC01DE20949C9E00598878 /* Release */,
			);
			defaultConfigurationIsVisible = 0;
			defaultConfigurationName = Release;
		};
		69EC01DF20949C9E00598878 /* Build configuration list for PBXNativeTarget "TicTacToeUITests" */ = {
			isa = XCConfigurationList;
			buildConfigurations = (
				69EC01E020949C9E00598878 /* Debug */,
				69EC01E120949C9E00598878 /* Release */,
			);
			defaultConfigurationIsVisible = 0;
			defaultConfigurationName = Release;
		};
/* End XCConfigurationList section */
	};
	rootObject = 69EC01A920949C9C00598878 /* Project object */;
}
